// !$*UTF8*$!
{
	archiveVersion = 1;
	classes = {
	};
	objectVersion = 50;
	objects = {

/* Begin PBXBuildFile section */
		CD269C5A2435833B0083A3CE /* BNRAppDelegate.m in Sources */ = {isa = PBXBuildFile; fileRef = CD269C592435833B0083A3CE /* BNRAppDelegate.m */; };
		CD269C5C2435833C0083A3CE /* Assets.xcassets in Resources */ = {isa = PBXBuildFile; fileRef = CD269C5B2435833C0083A3CE /* Assets.xcassets */; };
		CD269C622435833C0083A3CE /* main.m in Sources */ = {isa = PBXBuildFile; fileRef = CD269C612435833C0083A3CE /* main.m */; };
		CD269C692435854A0083A3CE /* Colorboard.storyboard in Resources */ = {isa = PBXBuildFile; fileRef = CD269C682435854A0083A3CE /* Colorboard.storyboard */; };
		CD70B5B924379A170070688E /* BNRColorViewController.m in Sources */ = {isa = PBXBuildFile; fileRef = CD70B5B824379A170070688E /* BNRColorViewController.m */; };
		CD70B5BC243918E90070688E /* BNRPaletteViewController.m in Sources */ = {isa = PBXBuildFile; fileRef = CD70B5BB243918E90070688E /* BNRPaletteViewController.m */; };
		CD70B5BF24391DD20070688E /* BNRColorDescription.m in Sources */ = {isa = PBXBuildFile; fileRef = CD70B5BE24391DD20070688E /* BNRColorDescription.m */; };
/* End PBXBuildFile section */

/* Begin PBXFileReference section */
		CD269C552435833B0083A3CE /* Colorboard.app */ = {isa = PBXFileReference; explicitFileType = wrapper.application; includeInIndex = 0; path = Colorboard.app; sourceTree = BUILT_PRODUCTS_DIR; };
		CD269C582435833B0083A3CE /* BNRAppDelegate.h */ = {isa = PBXFileReference; lastKnownFileType = sourcecode.c.h; path = BNRAppDelegate.h; sourceTree = "<group>"; };
		CD269C592435833B0083A3CE /* BNRAppDelegate.m */ = {isa = PBXFileReference; lastKnownFileType = sourcecode.c.objc; path = BNRAppDelegate.m; sourceTree = "<group>"; };
		CD269C5B2435833C0083A3CE /* Assets.xcassets */ = {isa = PBXFileReference; lastKnownFileType = folder.assetcatalog; path = Assets.xcassets; sourceTree = "<group>"; };
		CD269C602435833C0083A3CE /* Info.plist */ = {isa = PBXFileReference; lastKnownFileType = text.plist.xml; path = Info.plist; sourceTree = "<group>"; };
		CD269C612435833C0083A3CE /* main.m */ = {isa = PBXFileReference; lastKnownFileType = sourcecode.c.objc; path = main.m; sourceTree = "<group>"; };
		CD269C682435854A0083A3CE /* Colorboard.storyboard */ = {isa = PBXFileReference; lastKnownFileType = file.storyboard; path = Colorboard.storyboard; sourceTree = "<group>"; };
		CD70B5B724379A170070688E /* BNRColorViewController.h */ = {isa = PBXFileReference; lastKnownFileType = sourcecode.c.h; path = BNRColorViewController.h; sourceTree = "<group>"; };
		CD70B5B824379A170070688E /* BNRColorViewController.m */ = {isa = PBXFileReference; lastKnownFileType = sourcecode.c.objc; path = BNRColorViewController.m; sourceTree = "<group>"; };
		CD70B5BA243918E90070688E /* BNRPaletteViewController.h */ = {isa = PBXFileReference; lastKnownFileType = sourcecode.c.h; path = BNRPaletteViewController.h; sourceTree = "<group>"; };
		CD70B5BB243918E90070688E /* BNRPaletteViewController.m */ = {isa = PBXFileReference; lastKnownFileType = sourcecode.c.objc; path = BNRPaletteViewController.m; sourceTree = "<group>"; };
		CD70B5BD24391DD20070688E /* BNRColorDescription.h */ = {isa = PBXFileReference; lastKnownFileType = sourcecode.c.h; path = BNRColorDescription.h; sourceTree = "<group>"; };
		CD70B5BE24391DD20070688E /* BNRColorDescription.m */ = {isa = PBXFileReference; lastKnownFileType = sourcecode.c.objc; path = BNRColorDescription.m; sourceTree = "<group>"; };
/* End PBXFileReference section */

/* Begin PBXFrameworksBuildPhase section */
		CD269C522435833B0083A3CE /* Frameworks */ = {
			isa = PBXFrameworksBuildPhase;
			buildActionMask = 2147483647;
			files = (
			);
			runOnlyForDeploymentPostprocessing = 0;
		};
/* End PBXFrameworksBuildPhase section */

/* Begin PBXGroup section */
		CD269C4C2435833B0083A3CE = {
			isa = PBXGroup;
			children = (
				CD269C572435833B0083A3CE /* Colorboard */,
				CD269C562435833B0083A3CE /* Products */,
			);
			sourceTree = "<group>";
		};
		CD269C562435833B0083A3CE /* Products */ = {
			isa = PBXGroup;
			children = (
				CD269C552435833B0083A3CE /* Colorboard.app */,
			);
			name = Products;
			sourceTree = "<group>";
		};
		CD269C572435833B0083A3CE /* Colorboard */ = {
			isa = PBXGroup;
			children = (
				CD70B5BA243918E90070688E /* BNRPaletteViewController.h */,
				CD70B5BD24391DD20070688E /* BNRColorDescription.h */,
				CD70B5BE24391DD20070688E /* BNRColorDescription.m */,
				CD70B5BB243918E90070688E /* BNRPaletteViewController.m */,
				CD269C582435833B0083A3CE /* BNRAppDelegate.h */,
				CD269C592435833B0083A3CE /* BNRAppDelegate.m */,
				CD269C682435854A0083A3CE /* Colorboard.storyboard */,
				CD70B5B724379A170070688E /* BNRColorViewController.h */,
				CD70B5B824379A170070688E /* BNRColorViewController.m */,
				CD269C5B2435833C0083A3CE /* Assets.xcassets */,
				CD269C602435833C0083A3CE /* Info.plist */,
				CD269C612435833C0083A3CE /* main.m */,
			);
			path = Colorboard;
			sourceTree = "<group>";
		};
/* End PBXGroup section */

/* Begin PBXNativeTarget section */
		CD269C542435833B0083A3CE /* Colorboard */ = {
			isa = PBXNativeTarget;
			buildConfigurationList = CD269C652435833C0083A3CE /* Build configuration list for PBXNativeTarget "Colorboard" */;
			buildPhases = (
				CD269C512435833B0083A3CE /* Sources */,
				CD269C522435833B0083A3CE /* Frameworks */,
				CD269C532435833B0083A3CE /* Resources */,
			);
			buildRules = (
			);
			dependencies = (
			);
			name = Colorboard;
			productName = Colorboard;
			productReference = CD269C552435833B0083A3CE /* Colorboard.app */;
			productType = "com.apple.product-type.application";
		};
/* End PBXNativeTarget section */

/* Begin PBXProject section */
		CD269C4D2435833B0083A3CE /* Project object */ = {
			isa = PBXProject;
			attributes = {
				LastUpgradeCheck = 0940;
				ORGANIZATIONNAME = "Big Nerd Ranch";
				TargetAttributes = {
					CD269C542435833B0083A3CE = {
						CreatedOnToolsVersion = 9.4.1;
					};
				};
			};
			buildConfigurationList = CD269C502435833B0083A3CE /* Build configuration list for PBXProject "Colorboard" */;
			compatibilityVersion = "Xcode 9.3";
			developmentRegion = en;
			hasScannedForEncodings = 0;
			knownRegions = (
				en,
				Base,
			);
			mainGroup = CD269C4C2435833B0083A3CE;
			productRefGroup = CD269C562435833B0083A3CE /* Products */;
			projectDirPath = "";
			projectRoot = "";
			targets = (
				CD269C542435833B0083A3CE /* Colorboard */,
			);
		};
/* End PBXProject section */

/* Begin PBXResourcesBuildPhase section */
		CD269C532435833B0083A3CE /* Resources */ = {
			isa = PBXResourcesBuildPhase;
			buildActionMask = 2147483647;
			files = (
				CD269C5C2435833C0083A3CE /* Assets.xcassets in Resources */,
				CD269C692435854A0083A3CE /* Colorboard.storyboard in Resources */,
			);
			runOnlyForDeploymentPostprocessing = 0;
		};
/* End PBXResourcesBuildPhase section */

/* Begin PBXSourcesBuildPhase section */
		CD269C512435833B0083A3CE /* Sources */ = {
			isa = PBXSourcesBuildPhase;
			buildActionMask = 2147483647;
			files = (
				CD269C622435833C0083A3CE /* main.m in Sources */,
				CD70B5BC243918E90070688E /* BNRPaletteViewController.m in Sources */,
				CD70B5BF24391DD20070688E /* BNRColorDescription.m in Sources */,
				CD269C5A2435833B0083A3CE /* BNRAppDelegate.m in Sources */,
				CD70B5B924379A170070688E /* BNRColorViewController.m in Sources */,
			);
			runOnlyForDeploymentPostprocessing = 0;
		};
/* End PBXSourcesBuildPhase section */

/* Begin XCBuildConfiguration section */
		CD269C632435833C0083A3CE /* Debug */ = {
			isa = XCBuildConfiguration;
			buildSettings = {
				ALWAYS_SEARCH_USER_PATHS = NO;
				CLANG_ANALYZER_NONNULL = YES;
				CLANG_ANALYZER_NUMBER_OBJECT_CONVERSION = YES_AGGRESSIVE;
				CLANG_CXX_LANGUAGE_STANDARD = "gnu++14";
				CLANG_CXX_LIBRARY = "libc++";
				CLANG_ENABLE_MODULES = YES;
				CLANG_ENABLE_OBJC_ARC = YES;
				CLANG_ENABLE_OBJC_WEAK = YES;
				CLANG_WARN_BLOCK_CAPTURE_AUTORELEASING = YES;
				CLANG_WARN_BOOL_CONVERSION = YES;
				CLANG_WARN_COMMA = YES;
				CLANG_WARN_CONSTANT_CONVERSION = YES;
				CLANG_WARN_DEPRECATED_OBJC_IMPLEMENTATIONS = YES;
				CLANG_WARN_DIRECT_OBJC_ISA_USAGE = YES_ERROR;
				CLANG_WARN_DOCUMENTATION_COMMENTS = YES;
				CLANG_WARN_EMPTY_BODY = YES;
				CLANG_WARN_ENUM_CONVERSION = YES;
				CLANG_WARN_INFINITE_RECURSION = YES;
				CLANG_WARN_INT_CONVERSION = YES;
				CLANG_WARN_NON_LITERAL_NULL_CONVERSION = YES;
				CLANG_WARN_OBJC_IMPLICIT_RETAIN_SELF = YES;
				CLANG_WARN_OBJC_LITERAL_CONVERSION = YES;
				CLANG_WARN_OBJC_ROOT_CLASS = YES_ERROR;
				CLANG_WARN_RANGE_LOOP_ANALYSIS = YES;
				CLANG_WARN_STRICT_PROTOTYPES = YES;
				CLANG_WARN_SUSPICIOUS_MOVE = YES;
				CLANG_WARN_UNGUARDED_AVAILABILITY = YES_AGGRESSIVE;
				CLANG_WARN_UNREACHABLE_CODE = YES;
				CLANG_WARN__DUPLICATE_METHOD_MATCH = YES;
				CODE_SIGN_IDENTITY = "iPhone Developer";
				COPY_PHASE_STRIP = NO;
				DEBUG_INFORMATION_FORMAT = dwarf;
				ENABLE_STRICT_OBJC_MSGSEND = YES;
				ENABLE_TESTABILITY = YES;
				GCC_C_LANGUAGE_STANDARD = gnu11;
				GCC_DYNAMIC_NO_PIC = NO;
				GCC_NO_COMMON_BLOCKS = YES;
				GCC_OPTIMIZATION_LEVEL = 0;
				GCC_PREPROCESSOR_DEFINITIONS = (
					"DEBUG=1",
					"$(inherited)",
				);
				GCC_WARN_64_TO_32_BIT_CONVERSION = YES;
				GCC_WARN_ABOUT_RETURN_TYPE = YES_ERROR;
				GCC_WARN_UNDECLARED_SELECTOR = YES;
				GCC_WARN_UNINITIALIZED_AUTOS = YES_AGGRESSIVE;
				GCC_WARN_UNUSED_FUNCTION = YES;
				GCC_WARN_UNUSED_VARIABLE = YES;
				IPHONEOS_DEPLOYMENT_TARGET = 8.4;
				MTL_ENABLE_DEBUG_INFO = YES;
				ONLY_ACTIVE_ARCH = YES;
				SDKROOT = iphoneos;
			};
			name = Debug;
		};
		CD269C642435833C0083A3CE /* Release */ = {
			isa = XCBuildConfiguration;
			buildSettings = {
				ALWAYS_SEARCH_USER_PATHS = NO;
				CLANG_ANALYZER_NONNULL = YES;
				CLANG_ANALYZER_NUMBER_OBJECT_CONVERSION = YES_AGGRESSIVE;
				CLANG_CXX_LANGUAGE_STANDARD = "gnu++14";
				CLANG_CXX_LIBRARY = "libc++";
				CLANG_ENABLE_MODULES = YES;
				CLANG_ENABLE_OBJC_ARC = YES;
				CLANG_ENABLE_OBJC_WEAK = YES;
				CLANG_WARN_BLOCK_CAPTURE_AUTORELEASING = YES;
				CLANG_WARN_BOOL_CONVERSION = YES;
				CLANG_WARN_COMMA = YES;
				CLANG_WARN_CONSTANT_CONVERSION = YES;
				CLANG_WARN_DEPRECATED_OBJC_IMPLEMENTATIONS = YES;
				CLANG_WARN_DIRECT_OBJC_ISA_USAGE = YES_ERROR;
				CLANG_WARN_DOCUMENTATION_COMMENTS = YES;
				CLANG_WARN_EMPTY_BODY = YES;
				CLANG_WARN_ENUM_CONVERSION = YES;
				CLANG_WARN_INFINITE_RECURSION = YES;
				CLANG_WARN_INT_CONVERSION = YES;
				CLANG_WARN_NON_LITERAL_NULL_CONVERSION = YES;
				CLANG_WARN_OBJC_IMPLICIT_RETAIN_SELF = YES;
				CLANG_WARN_OBJC_LITERAL_CONVERSION = YES;
				CLANG_WARN_OBJC_ROOT_CLASS = YES_ERROR;
				CLANG_WARN_RANGE_LOOP_ANALYSIS = YES;
				CLANG_WARN_STRICT_PROTOTYPES = YES;
				CLANG_WARN_SUSPICIOUS_MOVE = YES;
				CLANG_WARN_UNGUARDED_AVAILABILITY = YES_AGGRESSIVE;
				CLANG_WARN_UNREACHABLE_CODE = YES;
				CLANG_WARN__DUPLICATE_METHOD_MATCH = YES;
				CODE_SIGN_IDENTITY = "iPhone Developer";
				COPY_PHASE_STRIP = NO;
				DEBUG_INFORMATION_FORMAT = "dwarf-with-dsym";
				ENABLE_NS_ASSERTIONS = NO;
				ENABLE_STRICT_OBJC_MSGSEND = YES;
				GCC_C_LANGUAGE_STANDARD = gnu11;
				GCC_NO_COMMON_BLOCKS = YES;
				GCC_WARN_64_TO_32_BIT_CONVERSION = YES;
				GCC_WARN_ABOUT_RETURN_TYPE = YES_ERROR;
				GCC_WARN_UNDECLARED_SELECTOR = YES;
				GCC_WARN_UNINITIALIZED_AUTOS = YES_AGGRESSIVE;
				GCC_WARN_UNUSED_FUNCTION = YES;
				GCC_WARN_UNUSED_VARIABLE = YES;
				IPHONEOS_DEPLOYMENT_TARGET = 8.4;
				MTL_ENABLE_DEBUG_INFO = NO;
				SDKROOT = iphoneos;
				VALIDATE_PRODUCT = YES;
			};
			name = Release;
		};
		CD269C662435833C0083A3CE /* Debug */ = {
			isa = XCBuildConfiguration;
			buildSettings = {
				ASSETCATALOG_COMPILER_APPICON_NAME = AppIcon;
				ASSETCATALOG_COMPILER_LAUNCHIMAGE_NAME = LaunchImage;
				CODE_SIGN_STYLE = Automatic;
				DEVELOPMENT_TEAM = 42K35KSBL9;
				INFOPLIST_FILE = Colorboard/Info.plist;
				IPHONEOS_DEPLOYMENT_TARGET = 8.4;
				LD_RUNPATH_SEARCH_PATHS = (
					"$(inherited)",
					"@executable_path/Frameworks",
				);
				PRODUCT_BUNDLE_IDENTIFIER = com.bignerdranch.Colorboard.enrique;
				PRODUCT_NAME = "$(TARGET_NAME)";
				TARGETED_DEVICE_FAMILY = "1,2";
			};
			name = Debug;
		};
		CD269C672435833C0083A3CE /* Release */ = {
			isa = XCBuildConfiguration;
			buildSettings = {
				ASSETCATALOG_COMPILER_APPICON_NAME = AppIcon;
				ASSETCATALOG_COMPILER_LAUNCHIMAGE_NAME = LaunchImage;
				CODE_SIGN_STYLE = Automatic;
				DEVELOPMENT_TEAM = 42K35KSBL9;
				INFOPLIST_FILE = Colorboard/Info.plist;
				IPHONEOS_DEPLOYMENT_TARGET = 8.4;
				LD_RUNPATH_SEARCH_PATHS = (
					"$(inherited)",
					"@executable_path/Frameworks",
				);
				PRODUCT_BUNDLE_IDENTIFIER = com.bignerdranch.Colorboard.enrique;
				PRODUCT_NAME = "$(TARGET_NAME)";
				TARGETED_DEVICE_FAMILY = "1,2";
			};
			name = Release;
		};
/* End XCBuildConfiguration section */

/* Begin XCConfigurationList section */
		CD269C502435833B0083A3CE /* Build configuration list for PBXProject "Colorboard" */ = {
			isa = XCConfigurationList;
			buildConfigurations = (
				CD269C632435833C0083A3CE /* Debug */,
				CD269C642435833C0083A3CE /* Release */,
			);
			defaultConfigurationIsVisible = 0;
			defaultConfigurationName = Release;
		};
		CD269C652435833C0083A3CE /* Build configuration list for PBXNativeTarget "Colorboard" */ = {
			isa = XCConfigurationList;
			buildConfigurations = (
				CD269C662435833C0083A3CE /* Debug */,
				CD269C672435833C0083A3CE /* Release */,
			);
			defaultConfigurationIsVisible = 0;
			defaultConfigurationName = Release;
		};
/* End XCConfigurationList section */
	};
	rootObject = CD269C4D2435833B0083A3CE /* Project object */;
}
