// !$*UTF8*$!
{
	archiveVersion = 1;
	classes = {
	};
	objectVersion = 48;
	objects = {

/* Begin PBXBuildFile section */
		CDAFA7EA208637C900FA1D30 /* BNRHypnosisViewController.m in Sources */ = {isa = PBXBuildFile; fileRef = CDAFA7E9208637C900FA1D30 /* BNRHypnosisViewController.m */; };
		CDCA13E42084EC5F00659258 /* AppDelegate.m in Sources */ = {isa = PBXBuildFile; fileRef = CDCA13E32084EC5F00659258 /* AppDelegate.m */; };
		CDCA13E62084EC5F00659258 /* HypnoNerd-Prefix.pch in Resources */ = {isa = PBXBuildFile; fileRef = CDCA13E52084EC5F00659258 /* HypnoNerd-Prefix.pch */; };
		CDCA13E82084EC5F00659258 /* Assets.xcassets in Resources */ = {isa = PBXBuildFile; fileRef = CDCA13E72084EC5F00659258 /* Assets.xcassets */; };
		CDCA13EE2084EC5F00659258 /* main.m in Sources */ = {isa = PBXBuildFile; fileRef = CDCA13ED2084EC5F00659258 /* main.m */; };
		CDCA13F92084ED1100659258 /* BNRHypnosisView.m in Sources */ = {isa = PBXBuildFile; fileRef = CDCA13F82084ED1100659258 /* BNRHypnosisView.m */; };
		CDCEEC3B2088D3DD005E9B9D /* BNRReminderViewController.m in Sources */ = {isa = PBXBuildFile; fileRef = CDCEEC3A2088D3DD005E9B9D /* BNRReminderViewController.m */; };
		CDF5773C20CAB82F0098D9D8 /* BNRQuizViewController.m in Sources */ = {isa = PBXBuildFile; fileRef = CDF5773A20CAB82F0098D9D8 /* BNRQuizViewController.m */; };
		CDF5773D20CAB82F0098D9D8 /* BNRQuizViewController.xib in Resources */ = {isa = PBXBuildFile; fileRef = CDF5773B20CAB82F0098D9D8 /* BNRQuizViewController.xib */; };
		CDFDD431208A2B5500EEA4DD /* BNRReminderViewController.xib in Resources */ = {isa = PBXBuildFile; fileRef = CDFDD430208A2B5500EEA4DD /* BNRReminderViewController.xib */; };
/* End PBXBuildFile section */

/* Begin PBXFileReference section */
		CDAFA7E8208637C800FA1D30 /* BNRHypnosisViewController.h */ = {isa = PBXFileReference; lastKnownFileType = sourcecode.c.h; path = BNRHypnosisViewController.h; sourceTree = "<group>"; };
		CDAFA7E9208637C900FA1D30 /* BNRHypnosisViewController.m */ = {isa = PBXFileReference; lastKnownFileType = sourcecode.c.objc; path = BNRHypnosisViewController.m; sourceTree = "<group>"; };
		CDCA13DF2084EC5F00659258 /* HypnoNerd.app */ = {isa = PBXFileReference; explicitFileType = wrapper.application; includeInIndex = 0; path = HypnoNerd.app; sourceTree = BUILT_PRODUCTS_DIR; };
		CDCA13E22084EC5F00659258 /* AppDelegate.h */ = {isa = PBXFileReference; lastKnownFileType = sourcecode.c.h; path = AppDelegate.h; sourceTree = "<group>"; };
		CDCA13E32084EC5F00659258 /* AppDelegate.m */ = {isa = PBXFileReference; lastKnownFileType = sourcecode.c.objc; path = AppDelegate.m; sourceTree = "<group>"; };
		CDCA13E52084EC5F00659258 /* HypnoNerd-Prefix.pch */ = {isa = PBXFileReference; lastKnownFileType = sourcecode.c.h; path = "HypnoNerd-Prefix.pch"; sourceTree = "<group>"; };
		CDCA13E72084EC5F00659258 /* Assets.xcassets */ = {isa = PBXFileReference; lastKnownFileType = folder.assetcatalog; path = Assets.xcassets; sourceTree = "<group>"; };
		CDCA13EC2084EC5F00659258 /* Info.plist */ = {isa = PBXFileReference; lastKnownFileType = text.plist.xml; path = Info.plist; sourceTree = "<group>"; };
		CDCA13ED2084EC5F00659258 /* main.m */ = {isa = PBXFileReference; lastKnownFileType = sourcecode.c.objc; path = main.m; sourceTree = "<group>"; };
		CDCA13F72084ED1100659258 /* BNRHypnosisView.h */ = {isa = PBXFileReference; fileEncoding = 4; lastKnownFileType = sourcecode.c.h; path = BNRHypnosisView.h; sourceTree = "<group>"; };
		CDCA13F82084ED1100659258 /* BNRHypnosisView.m */ = {isa = PBXFileReference; fileEncoding = 4; lastKnownFileType = sourcecode.c.objc; path = BNRHypnosisView.m; sourceTree = "<group>"; };
		CDCEEC392088D3DD005E9B9D /* BNRReminderViewController.h */ = {isa = PBXFileReference; lastKnownFileType = sourcecode.c.h; path = BNRReminderViewController.h; sourceTree = "<group>"; };
		CDCEEC3A2088D3DD005E9B9D /* BNRReminderViewController.m */ = {isa = PBXFileReference; lastKnownFileType = sourcecode.c.objc; path = BNRReminderViewController.m; sourceTree = "<group>"; };
		CDF5773920CAB82F0098D9D8 /* BNRQuizViewController.h */ = {isa = PBXFileReference; fileEncoding = 4; lastKnownFileType = sourcecode.c.h; path = BNRQuizViewController.h; sourceTree = "<group>"; };
		CDF5773A20CAB82F0098D9D8 /* BNRQuizViewController.m */ = {isa = PBXFileReference; fileEncoding = 4; lastKnownFileType = sourcecode.c.objc; path = BNRQuizViewController.m; sourceTree = "<group>"; };
		CDF5773B20CAB82F0098D9D8 /* BNRQuizViewController.xib */ = {isa = PBXFileReference; fileEncoding = 4; lastKnownFileType = file.xib; path = BNRQuizViewController.xib; sourceTree = "<group>"; };
		CDFDD430208A2B5500EEA4DD /* BNRReminderViewController.xib */ = {isa = PBXFileReference; fileEncoding = 4; lastKnownFileType = file.xib; path = BNRReminderViewController.xib; sourceTree = "<group>"; };
/* End PBXFileReference section */

/* Begin PBXFrameworksBuildPhase section */
		CDCA13DC2084EC5F00659258 /* Frameworks */ = {
			isa = PBXFrameworksBuildPhase;
			buildActionMask = 2147483647;
			files = (
			);
			runOnlyForDeploymentPostprocessing = 0;
		};
/* End PBXFrameworksBuildPhase section */

/* Begin PBXGroup section */
		CDCA13D62084EC5F00659258 = {
			isa = PBXGroup;
			children = (
				CDCA13E12084EC5F00659258 /* HypnoNerd */,
				CDCA13E02084EC5F00659258 /* Products */,
			);
			sourceTree = "<group>";
		};
		CDCA13E02084EC5F00659258 /* Products */ = {
			isa = PBXGroup;
			children = (
				CDCA13DF2084EC5F00659258 /* HypnoNerd.app */,
			);
			name = Products;
			sourceTree = "<group>";
		};
		CDCA13E12084EC5F00659258 /* HypnoNerd */ = {
			isa = PBXGroup;
			children = (
				CDCA13E22084EC5F00659258 /* AppDelegate.h */,
				CDCA13E32084EC5F00659258 /* AppDelegate.m */,
				CDCA13E52084EC5F00659258 /* HypnoNerd-Prefix.pch */,
				CDCA13E72084EC5F00659258 /* Assets.xcassets */,
				CDCA13EC2084EC5F00659258 /* Info.plist */,
				CDCA13ED2084EC5F00659258 /* main.m */,
				CDCA13F72084ED1100659258 /* BNRHypnosisView.h */,
				CDCA13F82084ED1100659258 /* BNRHypnosisView.m */,
				CDAFA7E8208637C800FA1D30 /* BNRHypnosisViewController.h */,
				CDAFA7E9208637C900FA1D30 /* BNRHypnosisViewController.m */,
				CDCEEC392088D3DD005E9B9D /* BNRReminderViewController.h */,
				CDCEEC3A2088D3DD005E9B9D /* BNRReminderViewController.m */,
				CDFDD430208A2B5500EEA4DD /* BNRReminderViewController.xib */,
				CDF5773920CAB82F0098D9D8 /* BNRQuizViewController.h */,
				CDF5773A20CAB82F0098D9D8 /* BNRQuizViewController.m */,
				CDF5773B20CAB82F0098D9D8 /* BNRQuizViewController.xib */,
			);
			path = HypnoNerd;
			sourceTree = "<group>";
		};
/* End PBXGroup section */

/* Begin PBXNativeTarget section */
		CDCA13DE2084EC5F00659258 /* HypnoNerd */ = {
			isa = PBXNativeTarget;
			buildConfigurationList = CDCA13F12084EC5F00659258 /* Build configuration list for PBXNativeTarget "HypnoNerd" */;
			buildPhases = (
				CDCA13DB2084EC5F00659258 /* Sources */,
				CDCA13DC2084EC5F00659258 /* Frameworks */,
				CDCA13DD2084EC5F00659258 /* Resources */,
			);
			buildRules = (
			);
			dependencies = (
			);
			name = HypnoNerd;
			productName = HypnoNerd;
			productReference = CDCA13DF2084EC5F00659258 /* HypnoNerd.app */;
			productType = "com.apple.product-type.application";
		};
/* End PBXNativeTarget section */

/* Begin PBXProject section */
		CDCA13D72084EC5F00659258 /* Project object */ = {
			isa = PBXProject;
			attributes = {
				LastUpgradeCheck = 0920;
				ORGANIZATIONNAME = "Big Nerd Ranch";
				TargetAttributes = {
					CDCA13DE2084EC5F00659258 = {
						CreatedOnToolsVersion = 9.2;
						ProvisioningStyle = Automatic;
					};
				};
			};
			buildConfigurationList = CDCA13DA2084EC5F00659258 /* Build configuration list for PBXProject "HypnoNerd" */;
			compatibilityVersion = "Xcode 8.0";
			developmentRegion = en;
			hasScannedForEncodings = 0;
			knownRegions = (
				en,
				Base,
			);
			mainGroup = CDCA13D62084EC5F00659258;
			productRefGroup = CDCA13E02084EC5F00659258 /* Products */;
			projectDirPath = "";
			projectRoot = "";
			targets = (
				CDCA13DE2084EC5F00659258 /* HypnoNerd */,
			);
		};
/* End PBXProject section */

/* Begin PBXResourcesBuildPhase section */
		CDCA13DD2084EC5F00659258 /* Resources */ = {
			isa = PBXResourcesBuildPhase;
			buildActionMask = 2147483647;
			files = (
				CDF5773D20CAB82F0098D9D8 /* BNRQuizViewController.xib in Resources */,
				CDFDD431208A2B5500EEA4DD /* BNRReminderViewController.xib in Resources */,
				CDCA13E82084EC5F00659258 /* Assets.xcassets in Resources */,
				CDCA13E62084EC5F00659258 /* HypnoNerd-Prefix.pch in Resources */,
			);
			runOnlyForDeploymentPostprocessing = 0;
		};
/* End PBXResourcesBuildPhase section */

/* Begin PBXSourcesBuildPhase section */
		CDCA13DB2084EC5F00659258 /* Sources */ = {
			isa = PBXSourcesBuildPhase;
			buildActionMask = 2147483647;
			files = (
				CDAFA7EA208637C900FA1D30 /* BNRHypnosisViewController.m in Sources */,
				CDCA13EE2084EC5F00659258 /* main.m in Sources */,
				CDF5773C20CAB82F0098D9D8 /* BNRQuizViewController.m in Sources */,
				CDCA13E42084EC5F00659258 /* AppDelegate.m in Sources */,
				CDCEEC3B2088D3DD005E9B9D /* BNRReminderViewController.m in Sources */,
				CDCA13F92084ED1100659258 /* BNRHypnosisView.m in Sources */,
			);
			runOnlyForDeploymentPostprocessing = 0;
		};
/* End PBXSourcesBuildPhase section */

/* Begin XCBuildConfiguration section */
		CDCA13EF2084EC5F00659258 /* Debug */ = {
			isa = XCBuildConfiguration;
			buildSettings = {
				ALWAYS_SEARCH_USER_PATHS = NO;
				CLANG_ANALYZER_NONNULL = YES;
				CLANG_ANALYZER_NUMBER_OBJECT_CONVERSION = YES_AGGRESSIVE;
				CLANG_CXX_LANGUAGE_STANDARD = "gnu++14";
				CLANG_CXX_LIBRARY = "libc++";
				CLANG_ENABLE_MODULES = YES;
				CLANG_ENABLE_OBJC_ARC = YES;
				CLANG_WARN_BLOCK_CAPTURE_AUTORELEASING = YES;
				CLANG_WARN_BOOL_CONVERSION = YES;
				CLANG_WARN_COMMA = YES;
				CLANG_WARN_CONSTANT_CONVERSION = YES;
				CLANG_WARN_DIRECT_OBJC_ISA_USAGE = YES_ERROR;
				CLANG_WARN_DOCUMENTATION_COMMENTS = YES;
				CLANG_WARN_EMPTY_BODY = YES;
				CLANG_WARN_ENUM_CONVERSION = YES;
				CLANG_WARN_INFINITE_RECURSION = YES;
				CLANG_WARN_INT_CONVERSION = YES;
				CLANG_WARN_NON_LITERAL_NULL_CONVERSION = YES;
				CLANG_WARN_OBJC_LITERAL_CONVERSION = YES;
				CLANG_WARN_OBJC_ROOT_CLASS = YES_ERROR;
				CLANG_WARN_RANGE_LOOP_ANALYSIS = YES;
				CLANG_WARN_STRICT_PROTOTYPES = YES;
				CLANG_WARN_SUSPICIOUS_MOVE = YES;
				CLANG_WARN_UNGUARDED_AVAILABILITY = YES_AGGRESSIVE;
				CLANG_WARN_UNREACHABLE_CODE = YES;
				CLANG_WARN__DUPLICATE_METHOD_MATCH = YES;
				CODE_SIGN_IDENTITY = "iPhone Developer";
				COPY_PHASE_STRIP = NO;
				DEBUG_INFORMATION_FORMAT = dwarf;
				ENABLE_STRICT_OBJC_MSGSEND = YES;
				ENABLE_TESTABILITY = YES;
				GCC_C_LANGUAGE_STANDARD = gnu11;
				GCC_DYNAMIC_NO_PIC = NO;
				GCC_NO_COMMON_BLOCKS = YES;
				GCC_OPTIMIZATION_LEVEL = 0;
				GCC_PREPROCESSOR_DEFINITIONS = (
					"DEBUG=1",
					"$(inherited)",
				);
				GCC_WARN_64_TO_32_BIT_CONVERSION = YES;
				GCC_WARN_ABOUT_RETURN_TYPE = YES_ERROR;
				GCC_WARN_UNDECLARED_SELECTOR = YES;
				GCC_WARN_UNINITIALIZED_AUTOS = YES_AGGRESSIVE;
				GCC_WARN_UNUSED_FUNCTION = YES;
				GCC_WARN_UNUSED_VARIABLE = YES;
				IPHONEOS_DEPLOYMENT_TARGET = 8.1;
				MTL_ENABLE_DEBUG_INFO = YES;
				ONLY_ACTIVE_ARCH = YES;
				SDKROOT = iphoneos;
			};
			name = Debug;
		};
		CDCA13F02084EC5F00659258 /* Release */ = {
			isa = XCBuildConfiguration;
			buildSettings = {
				ALWAYS_SEARCH_USER_PATHS = NO;
				CLANG_ANALYZER_NONNULL = YES;
				CLANG_ANALYZER_NUMBER_OBJECT_CONVERSION = YES_AGGRESSIVE;
				CLANG_CXX_LANGUAGE_STANDARD = "gnu++14";
				CLANG_CXX_LIBRARY = "libc++";
				CLANG_ENABLE_MODULES = YES;
				CLANG_ENABLE_OBJC_ARC = YES;
				CLANG_WARN_BLOCK_CAPTURE_AUTORELEASING = YES;
				CLANG_WARN_BOOL_CONVERSION = YES;
				CLANG_WARN_COMMA = YES;
				CLANG_WARN_CONSTANT_CONVERSION = YES;
				CLANG_WARN_DIRECT_OBJC_ISA_USAGE = YES_ERROR;
				CLANG_WARN_DOCUMENTATION_COMMENTS = YES;
				CLANG_WARN_EMPTY_BODY = YES;
				CLANG_WARN_ENUM_CONVERSION = YES;
				CLANG_WARN_INFINITE_RECURSION = YES;
				CLANG_WARN_INT_CONVERSION = YES;
				CLANG_WARN_NON_LITERAL_NULL_CONVERSION = YES;
				CLANG_WARN_OBJC_LITERAL_CONVERSION = YES;
				CLANG_WARN_OBJC_ROOT_CLASS = YES_ERROR;
				CLANG_WARN_RANGE_LOOP_ANALYSIS = YES;
				CLANG_WARN_STRICT_PROTOTYPES = YES;
				CLANG_WARN_SUSPICIOUS_MOVE = YES;
				CLANG_WARN_UNGUARDED_AVAILABILITY = YES_AGGRESSIVE;
				CLANG_WARN_UNREACHABLE_CODE = YES;
				CLANG_WARN__DUPLICATE_METHOD_MATCH = YES;
				CODE_SIGN_IDENTITY = "iPhone Developer";
				COPY_PHASE_STRIP = NO;
				DEBUG_INFORMATION_FORMAT = "dwarf-with-dsym";
				ENABLE_NS_ASSERTIONS = NO;
				ENABLE_STRICT_OBJC_MSGSEND = YES;
				GCC_C_LANGUAGE_STANDARD = gnu11;
				GCC_NO_COMMON_BLOCKS = YES;
				GCC_WARN_64_TO_32_BIT_CONVERSION = YES;
				GCC_WARN_ABOUT_RETURN_TYPE = YES_ERROR;
				GCC_WARN_UNDECLARED_SELECTOR = YES;
				GCC_WARN_UNINITIALIZED_AUTOS = YES_AGGRESSIVE;
				GCC_WARN_UNUSED_FUNCTION = YES;
				GCC_WARN_UNUSED_VARIABLE = YES;
				IPHONEOS_DEPLOYMENT_TARGET = 8.1;
				MTL_ENABLE_DEBUG_INFO = NO;
				SDKROOT = iphoneos;
				VALIDATE_PRODUCT = YES;
			};
			name = Release;
		};
		CDCA13F22084EC5F00659258 /* Debug */ = {
			isa = XCBuildConfiguration;
			buildSettings = {
				ASSETCATALOG_COMPILER_APPICON_NAME = AppIcon;
				CODE_SIGN_STYLE = Automatic;
				DEVELOPMENT_TEAM = 42K35KSBL9;
				INFOPLIST_FILE = HypnoNerd/Info.plist;
				IPHONEOS_DEPLOYMENT_TARGET = 8.1;
				LD_RUNPATH_SEARCH_PATHS = "$(inherited) @executable_path/Frameworks";
				PRODUCT_BUNDLE_IDENTIFIER = com.bignerdranch.HypnoNerd;
				PRODUCT_NAME = "$(TARGET_NAME)";
				TARGETED_DEVICE_FAMILY = "1,2";
			};
			name = Debug;
		};
		CDCA13F32084EC5F00659258 /* Release */ = {
			isa = XCBuildConfiguration;
			buildSettings = {
				ASSETCATALOG_COMPILER_APPICON_NAME = AppIcon;
				CODE_SIGN_STYLE = Automatic;
				DEVELOPMENT_TEAM = 42K35KSBL9;
				INFOPLIST_FILE = HypnoNerd/Info.plist;
				IPHONEOS_DEPLOYMENT_TARGET = 8.1;
				LD_RUNPATH_SEARCH_PATHS = "$(inherited) @executable_path/Frameworks";
				PRODUCT_BUNDLE_IDENTIFIER = com.bignerdranch.HypnoNerd;
				PRODUCT_NAME = "$(TARGET_NAME)";
				TARGETED_DEVICE_FAMILY = "1,2";
			};
			name = Release;
		};
/* End XCBuildConfiguration section */

/* Begin XCConfigurationList section */
		CDCA13DA2084EC5F00659258 /* Build configuration list for PBXProject "HypnoNerd" */ = {
			isa = XCConfigurationList;
			buildConfigurations = (
				CDCA13EF2084EC5F00659258 /* Debug */,
				CDCA13F02084EC5F00659258 /* Release */,
			);
			defaultConfigurationIsVisible = 0;
			defaultConfigurationName = Release;
		};
		CDCA13F12084EC5F00659258 /* Build configuration list for PBXNativeTarget "HypnoNerd" */ = {
			isa = XCConfigurationList;
			buildConfigurations = (
				CDCA13F22084EC5F00659258 /* Debug */,
				CDCA13F32084EC5F00659258 /* Release */,
			);
			defaultConfigurationIsVisible = 0;
			defaultConfigurationName = Release;
		};
/* End XCConfigurationList section */
	};
	rootObject = CDCA13D72084EC5F00659258 /* Project object */;
}
