// !$*UTF8*$!
{
	archiveVersion = 1;
	classes = {
	};
	objectVersion = 46;
	objects = {

/* Begin PBXBuildFile section */
		202CF190222579AF00F7F2DB /* BNRImageStore.m in Sources */ = {isa = PBXBuildFile; fileRef = 202CF18F222579AF00F7F2DB /* BNRImageStore.m */; };
		2075D7AF2305C55D00A8EF79 /* BNRPopoverBackgroundView.m in Sources */ = {isa = PBXBuildFile; fileRef = 2075D7AE2305C55D00A8EF79 /* BNRPopoverBackgroundView.m */; };
		CD3F95A32193014C00051330 /* main.m in Sources */ = {isa = PBXBuildFile; fileRef = CD3F95A22193014C00051330 /* main.m */; };
		CD3F95A62193014C00051330 /* AppDelegate.m in Sources */ = {isa = PBXBuildFile; fileRef = CD3F95A52193014C00051330 /* AppDelegate.m */; };
		CD3F95A82193014C00051330 /* Assets.xcassets in Resources */ = {isa = PBXBuildFile; fileRef = CD3F95A72193014C00051330 /* Assets.xcassets */; };
		CD3F95B4219B652E00051330 /* BNRItemsViewController.m in Sources */ = {isa = PBXBuildFile; fileRef = CD3F95B3219B652E00051330 /* BNRItemsViewController.m */; };
		CD97813B219C399000288B0E /* BNRItem.m in Sources */ = {isa = PBXBuildFile; fileRef = CD97813A219C399000288B0E /* BNRItem.m */; };
		CD97813E219D000500288B0E /* BNRItemStore.m in Sources */ = {isa = PBXBuildFile; fileRef = CD97813D219D000500288B0E /* BNRItemStore.m */; };
		CD9E6B262203E3FC001D0706 /* BNRDetailViewController.m in Sources */ = {isa = PBXBuildFile; fileRef = CD9E6B242203E3FC001D0706 /* BNRDetailViewController.m */; };
		CD9E6B272203E3FC001D0706 /* BNRDetailViewController.xib in Resources */ = {isa = PBXBuildFile; fileRef = CD9E6B252203E3FC001D0706 /* BNRDetailViewController.xib */; };
/* End PBXBuildFile section */

/* Begin PBXFileReference section */
		202CF18E222579AF00F7F2DB /* BNRImageStore.h */ = {isa = PBXFileReference; lastKnownFileType = sourcecode.c.h; path = BNRImageStore.h; sourceTree = "<group>"; };
		202CF18F222579AF00F7F2DB /* BNRImageStore.m */ = {isa = PBXFileReference; lastKnownFileType = sourcecode.c.objc; path = BNRImageStore.m; sourceTree = "<group>"; };
		2075D7AD2305C55D00A8EF79 /* BNRPopoverBackgroundView.h */ = {isa = PBXFileReference; lastKnownFileType = sourcecode.c.h; path = BNRPopoverBackgroundView.h; sourceTree = "<group>"; };
		2075D7AE2305C55D00A8EF79 /* BNRPopoverBackgroundView.m */ = {isa = PBXFileReference; lastKnownFileType = sourcecode.c.objc; path = BNRPopoverBackgroundView.m; sourceTree = "<group>"; };
		CD3F959E2193014C00051330 /* Homepwner.app */ = {isa = PBXFileReference; explicitFileType = wrapper.application; includeInIndex = 0; path = Homepwner.app; sourceTree = BUILT_PRODUCTS_DIR; };
		CD3F95A22193014C00051330 /* main.m */ = {isa = PBXFileReference; lastKnownFileType = sourcecode.c.objc; path = main.m; sourceTree = "<group>"; };
		CD3F95A42193014C00051330 /* AppDelegate.h */ = {isa = PBXFileReference; lastKnownFileType = sourcecode.c.h; path = AppDelegate.h; sourceTree = "<group>"; };
		CD3F95A52193014C00051330 /* AppDelegate.m */ = {isa = PBXFileReference; lastKnownFileType = sourcecode.c.objc; path = AppDelegate.m; sourceTree = "<group>"; };
		CD3F95A72193014C00051330 /* Assets.xcassets */ = {isa = PBXFileReference; lastKnownFileType = folder.assetcatalog; path = Assets.xcassets; sourceTree = "<group>"; };
		CD3F95AC2193014C00051330 /* Info.plist */ = {isa = PBXFileReference; lastKnownFileType = text.plist.xml; path = Info.plist; sourceTree = "<group>"; };
		CD3F95B2219B652E00051330 /* BNRItemsViewController.h */ = {isa = PBXFileReference; fileEncoding = 4; lastKnownFileType = sourcecode.c.h; path = BNRItemsViewController.h; sourceTree = "<group>"; };
		CD3F95B3219B652E00051330 /* BNRItemsViewController.m */ = {isa = PBXFileReference; fileEncoding = 4; lastKnownFileType = sourcecode.c.objc; path = BNRItemsViewController.m; sourceTree = "<group>"; };
		CD978139219C399000288B0E /* BNRItem.h */ = {isa = PBXFileReference; fileEncoding = 4; lastKnownFileType = sourcecode.c.h; path = BNRItem.h; sourceTree = "<group>"; };
		CD97813A219C399000288B0E /* BNRItem.m */ = {isa = PBXFileReference; fileEncoding = 4; lastKnownFileType = sourcecode.c.objc; path = BNRItem.m; sourceTree = "<group>"; };
		CD97813C219D000500288B0E /* BNRItemStore.h */ = {isa = PBXFileReference; fileEncoding = 4; lastKnownFileType = sourcecode.c.h; path = BNRItemStore.h; sourceTree = "<group>"; };
		CD97813D219D000500288B0E /* BNRItemStore.m */ = {isa = PBXFileReference; fileEncoding = 4; lastKnownFileType = sourcecode.c.objc; path = BNRItemStore.m; sourceTree = "<group>"; };
		CD9E6B232203E3FC001D0706 /* BNRDetailViewController.h */ = {isa = PBXFileReference; fileEncoding = 4; lastKnownFileType = sourcecode.c.h; path = BNRDetailViewController.h; sourceTree = "<group>"; };
		CD9E6B242203E3FC001D0706 /* BNRDetailViewController.m */ = {isa = PBXFileReference; fileEncoding = 4; lastKnownFileType = sourcecode.c.objc; path = BNRDetailViewController.m; sourceTree = "<group>"; };
		CD9E6B252203E3FC001D0706 /* BNRDetailViewController.xib */ = {isa = PBXFileReference; fileEncoding = 4; lastKnownFileType = file.xib; path = BNRDetailViewController.xib; sourceTree = "<group>"; };
/* End PBXFileReference section */

/* Begin PBXFrameworksBuildPhase section */
		CD3F959B2193014C00051330 /* Frameworks */ = {
			isa = PBXFrameworksBuildPhase;
			buildActionMask = 2147483647;
			files = (
			);
			runOnlyForDeploymentPostprocessing = 0;
		};
/* End PBXFrameworksBuildPhase section */

/* Begin PBXGroup section */
		CD3F95952193014C00051330 = {
			isa = PBXGroup;
			children = (
				CD3F95A02193014C00051330 /* Homepwner */,
				CD3F959F2193014C00051330 /* Products */,
			);
			sourceTree = "<group>";
		};
		CD3F959F2193014C00051330 /* Products */ = {
			isa = PBXGroup;
			children = (
				CD3F959E2193014C00051330 /* Homepwner.app */,
			);
			name = Products;
			sourceTree = "<group>";
		};
		CD3F95A02193014C00051330 /* Homepwner */ = {
			isa = PBXGroup;
			children = (
				CD3F95A42193014C00051330 /* AppDelegate.h */,
				CD3F95A52193014C00051330 /* AppDelegate.m */,
				CD9E6B232203E3FC001D0706 /* BNRDetailViewController.h */,
				CD9E6B242203E3FC001D0706 /* BNRDetailViewController.m */,
				2075D7AD2305C55D00A8EF79 /* BNRPopoverBackgroundView.h */,
				2075D7AE2305C55D00A8EF79 /* BNRPopoverBackgroundView.m */,
				202CF18E222579AF00F7F2DB /* BNRImageStore.h */,
				202CF18F222579AF00F7F2DB /* BNRImageStore.m */,
				CD9E6B252203E3FC001D0706 /* BNRDetailViewController.xib */,
				CD3F95B2219B652E00051330 /* BNRItemsViewController.h */,
				CD3F95B3219B652E00051330 /* BNRItemsViewController.m */,
				CD97813C219D000500288B0E /* BNRItemStore.h */,
				CD97813D219D000500288B0E /* BNRItemStore.m */,
				CD3F95A72193014C00051330 /* Assets.xcassets */,
				CD3F95AC2193014C00051330 /* Info.plist */,
				CD3F95A22193014C00051330 /* main.m */,
				CD978139219C399000288B0E /* BNRItem.h */,
				CD97813A219C399000288B0E /* BNRItem.m */,
			);
			path = Homepwner;
			sourceTree = "<group>";
		};
/* End PBXGroup section */

/* Begin PBXNativeTarget section */
		CD3F959D2193014C00051330 /* Homepwner */ = {
			isa = PBXNativeTarget;
			buildConfigurationList = CD3F95AF2193014C00051330 /* Build configuration list for PBXNativeTarget "Homepwner" */;
			buildPhases = (
				CD3F959A2193014C00051330 /* Sources */,
				CD3F959B2193014C00051330 /* Frameworks */,
				CD3F959C2193014C00051330 /* Resources */,
			);
			buildRules = (
			);
			dependencies = (
			);
			name = Homepwner;
			productName = Homepwner;
			productReference = CD3F959E2193014C00051330 /* Homepwner.app */;
			productType = "com.apple.product-type.application";
		};
/* End PBXNativeTarget section */

/* Begin PBXProject section */
		CD3F95962193014C00051330 /* Project object */ = {
			isa = PBXProject;
			attributes = {
				LastUpgradeCheck = 0830;
				ORGANIZATIONNAME = "Big Nerd Ranch";
				TargetAttributes = {
					CD3F959D2193014C00051330 = {
						CreatedOnToolsVersion = 8.3.3;
						DevelopmentTeam = 42K35KSBL9;
						ProvisioningStyle = Automatic;
					};
				};
			};
			buildConfigurationList = CD3F95992193014C00051330 /* Build configuration list for PBXProject "Homepwner" */;
			compatibilityVersion = "Xcode 3.2";
			developmentRegion = English;
			hasScannedForEncodings = 0;
			knownRegions = (
				English,
				en,
				Base,
			);
			mainGroup = CD3F95952193014C00051330;
			productRefGroup = CD3F959F2193014C00051330 /* Products */;
			projectDirPath = "";
			projectRoot = "";
			targets = (
				CD3F959D2193014C00051330 /* Homepwner */,
			);
		};
/* End PBXProject section */

/* Begin PBXResourcesBuildPhase section */
		CD3F959C2193014C00051330 /* Resources */ = {
			isa = PBXResourcesBuildPhase;
			buildActionMask = 2147483647;
			files = (
				CD9E6B272203E3FC001D0706 /* BNRDetailViewController.xib in Resources */,
				CD3F95A82193014C00051330 /* Assets.xcassets in Resources */,
			);
			runOnlyForDeploymentPostprocessing = 0;
		};
/* End PBXResourcesBuildPhase section */

/* Begin PBXSourcesBuildPhase section */
		CD3F959A2193014C00051330 /* Sources */ = {
			isa = PBXSourcesBuildPhase;
			buildActionMask = 2147483647;
			files = (
				CD9E6B262203E3FC001D0706 /* BNRDetailViewController.m in Sources */,
				CD97813E219D000500288B0E /* BNRItemStore.m in Sources */,
				202CF190222579AF00F7F2DB /* BNRImageStore.m in Sources */,
				CD3F95B4219B652E00051330 /* BNRItemsViewController.m in Sources */,
				CD97813B219C399000288B0E /* BNRItem.m in Sources */,
				2075D7AF2305C55D00A8EF79 /* BNRPopoverBackgroundView.m in Sources */,
				CD3F95A62193014C00051330 /* AppDelegate.m in Sources */,
				CD3F95A32193014C00051330 /* main.m in Sources */,
			);
			runOnlyForDeploymentPostprocessing = 0;
		};
/* End PBXSourcesBuildPhase section */

/* Begin XCBuildConfiguration section */
		CD3F95AD2193014C00051330 /* Debug */ = {
			isa = XCBuildConfiguration;
			buildSettings = {
				ALWAYS_SEARCH_USER_PATHS = NO;
				CLANG_ANALYZER_NONNULL = YES;
				CLANG_ANALYZER_NUMBER_OBJECT_CONVERSION = YES_AGGRESSIVE;
				CLANG_CXX_LANGUAGE_STANDARD = "gnu++0x";
				CLANG_CXX_LIBRARY = "libc++";
				CLANG_ENABLE_MODULES = YES;
				CLANG_ENABLE_OBJC_ARC = YES;
				CLANG_WARN_BOOL_CONVERSION = YES;
				CLANG_WARN_CONSTANT_CONVERSION = YES;
				CLANG_WARN_DIRECT_OBJC_ISA_USAGE = YES_ERROR;
				CLANG_WARN_DOCUMENTATION_COMMENTS = YES;
				CLANG_WARN_EMPTY_BODY = YES;
				CLANG_WARN_ENUM_CONVERSION = YES;
				CLANG_WARN_INFINITE_RECURSION = YES;
				CLANG_WARN_INT_CONVERSION = YES;
				CLANG_WARN_OBJC_ROOT_CLASS = YES_ERROR;
				CLANG_WARN_SUSPICIOUS_MOVE = YES;
				CLANG_WARN_UNREACHABLE_CODE = YES;
				CLANG_WARN__DUPLICATE_METHOD_MATCH = YES;
				"CODE_SIGN_IDENTITY[sdk=iphoneos*]" = "iPhone Developer";
				COPY_PHASE_STRIP = NO;
				DEBUG_INFORMATION_FORMAT = dwarf;
				ENABLE_STRICT_OBJC_MSGSEND = YES;
				ENABLE_TESTABILITY = YES;
				GCC_C_LANGUAGE_STANDARD = gnu99;
				GCC_DYNAMIC_NO_PIC = NO;
				GCC_NO_COMMON_BLOCKS = YES;
				GCC_OPTIMIZATION_LEVEL = 0;
				GCC_PREPROCESSOR_DEFINITIONS = (
					"DEBUG=1",
					"$(inherited)",
				);
				GCC_WARN_64_TO_32_BIT_CONVERSION = YES;
				GCC_WARN_ABOUT_RETURN_TYPE = YES_ERROR;
				GCC_WARN_UNDECLARED_SELECTOR = YES;
				GCC_WARN_UNINITIALIZED_AUTOS = YES_AGGRESSIVE;
				GCC_WARN_UNUSED_FUNCTION = YES;
				GCC_WARN_UNUSED_VARIABLE = YES;
				IPHONEOS_DEPLOYMENT_TARGET = 8.4;
				MTL_ENABLE_DEBUG_INFO = YES;
				ONLY_ACTIVE_ARCH = YES;
				SDKROOT = iphoneos;
			};
			name = Debug;
		};
		CD3F95AE2193014C00051330 /* Release */ = {
			isa = XCBuildConfiguration;
			buildSettings = {
				ALWAYS_SEARCH_USER_PATHS = NO;
				CLANG_ANALYZER_NONNULL = YES;
				CLANG_ANALYZER_NUMBER_OBJECT_CONVERSION = YES_AGGRESSIVE;
				CLANG_CXX_LANGUAGE_STANDARD = "gnu++0x";
				CLANG_CXX_LIBRARY = "libc++";
				CLANG_ENABLE_MODULES = YES;
				CLANG_ENABLE_OBJC_ARC = YES;
				CLANG_WARN_BOOL_CONVERSION = YES;
				CLANG_WARN_CONSTANT_CONVERSION = YES;
				CLANG_WARN_DIRECT_OBJC_ISA_USAGE = YES_ERROR;
				CLANG_WARN_DOCUMENTATION_COMMENTS = YES;
				CLANG_WARN_EMPTY_BODY = YES;
				CLANG_WARN_ENUM_CONVERSION = YES;
				CLANG_WARN_INFINITE_RECURSION = YES;
				CLANG_WARN_INT_CONVERSION = YES;
				CLANG_WARN_OBJC_ROOT_CLASS = YES_ERROR;
				CLANG_WARN_SUSPICIOUS_MOVE = YES;
				CLANG_WARN_UNREACHABLE_CODE = YES;
				CLANG_WARN__DUPLICATE_METHOD_MATCH = YES;
				"CODE_SIGN_IDENTITY[sdk=iphoneos*]" = "iPhone Developer";
				COPY_PHASE_STRIP = NO;
				DEBUG_INFORMATION_FORMAT = "dwarf-with-dsym";
				ENABLE_NS_ASSERTIONS = NO;
				ENABLE_STRICT_OBJC_MSGSEND = YES;
				GCC_C_LANGUAGE_STANDARD = gnu99;
				GCC_NO_COMMON_BLOCKS = YES;
				GCC_WARN_64_TO_32_BIT_CONVERSION = YES;
				GCC_WARN_ABOUT_RETURN_TYPE = YES_ERROR;
				GCC_WARN_UNDECLARED_SELECTOR = YES;
				GCC_WARN_UNINITIALIZED_AUTOS = YES_AGGRESSIVE;
				GCC_WARN_UNUSED_FUNCTION = YES;
				GCC_WARN_UNUSED_VARIABLE = YES;
				IPHONEOS_DEPLOYMENT_TARGET = 8.4;
				MTL_ENABLE_DEBUG_INFO = NO;
				SDKROOT = iphoneos;
				VALIDATE_PRODUCT = YES;
			};
			name = Release;
		};
		CD3F95B02193014C00051330 /* Debug */ = {
			isa = XCBuildConfiguration;
			buildSettings = {
				ASSETCATALOG_COMPILER_APPICON_NAME = AppIcon;
				DEVELOPMENT_TEAM = 42K35KSBL9;
				INFOPLIST_FILE = Homepwner/Info.plist;
				IPHONEOS_DEPLOYMENT_TARGET = 8.4;
				LD_RUNPATH_SEARCH_PATHS = "$(inherited) @executable_path/Frameworks";
				PRODUCT_BUNDLE_IDENTIFIER = com.bignerdranch.Homepwner412341234;
				PRODUCT_NAME = "$(TARGET_NAME)";
				TARGETED_DEVICE_FAMILY = "1,2";
			};
			name = Debug;
		};
		CD3F95B12193014C00051330 /* Release */ = {
			isa = XCBuildConfiguration;
			buildSettings = {
				ASSETCATALOG_COMPILER_APPICON_NAME = AppIcon;
				DEVELOPMENT_TEAM = 42K35KSBL9;
				INFOPLIST_FILE = Homepwner/Info.plist;
				IPHONEOS_DEPLOYMENT_TARGET = 8.4;
				LD_RUNPATH_SEARCH_PATHS = "$(inherited) @executable_path/Frameworks";
				PRODUCT_BUNDLE_IDENTIFIER = com.bignerdranch.Homepwner412341234;
				PRODUCT_NAME = "$(TARGET_NAME)";
				TARGETED_DEVICE_FAMILY = "1,2";
			};
			name = Release;
		};
/* End XCBuildConfiguration section */

/* Begin XCConfigurationList section */
		CD3F95992193014C00051330 /* Build configuration list for PBXProject "Homepwner" */ = {
			isa = XCConfigurationList;
			buildConfigurations = (
				CD3F95AD2193014C00051330 /* Debug */,
				CD3F95AE2193014C00051330 /* Release */,
			);
			defaultConfigurationIsVisible = 0;
			defaultConfigurationName = Release;
		};
		CD3F95AF2193014C00051330 /* Build configuration list for PBXNativeTarget "Homepwner" */ = {
			isa = XCConfigurationList;
			buildConfigurations = (
				CD3F95B02193014C00051330 /* Debug */,
				CD3F95B12193014C00051330 /* Release */,
			);
			defaultConfigurationIsVisible = 0;
			defaultConfigurationName = Release;
		};
/* End XCConfigurationList section */
	};
	rootObject = CD3F95962193014C00051330 /* Project object */;
}
